
Microsoft Visual Studio Solution File, Format Version 12.00
# Visual Studio Version 17
VisualStudioVersion = 17.7.34202.233
MinimumVisualStudioVersion = 10.0.40219.1
Project("{FAE04EC0-301F-11D3-BF4B-00C04F79EFBC}") = "dogs2", "dogs2\dogs2.csproj", "{4D802289-4594-4EBB-B6F0-E6E662B6BF5C}"
EndProject
Global
	GlobalSection(SolutionConfigurationPlatforms) = preSolution
		Debug|Any CPU = Debug|Any CPU
		Release|Any CPU = Release|Any CPU
	EndGlobalSection
	GlobalSection(ProjectConfigurationPlatforms) = postSolution
		{4D802289-4594-4EBB-B6F0-E6E662B6BF5C}.Debug|Any CPU.ActiveCfg = Debug|Any CPU
		{4D802289-4594-4EBB-B6F0-E6E662B6BF5C}.Debug|Any CPU.Build.0 = Debug|Any CPU
		{4D802289-4594-4EBB-B6F0-E6E662B6BF5C}.Release|Any CPU.ActiveCfg = Release|Any CPU
		{4D802289-4594-4EBB-B6F0-E6E662B6BF5C}.Release|Any CPU.Build.0 = Release|Any CPU
	EndGlobalSection
	GlobalSection(SolutionProperties) = preSolution
		HideSolutionNode = FALSE
	EndGlobalSection
	GlobalSection(ExtensibilityGlobals) = postSolution
		SolutionGuid = {630A5091-9DBC-4972-8936-C83DE5645396}
	EndGlobalSection
EndGlobal
